{
  "name": "starbridge",
  "version": "1.0.0",
  "lockfileVersion": 3,
  "requires": true,
  "packages": {
    "": {
      "name": "starbridge",
      "version": "1.0.0",
      "license": "ISC",
      "dependencies": {
        "@minecraft/common": "^1.2.0",
        "@minecraft/debug-utilities": "^1.0.0-beta.1.21.0-stable",
        "@minecraft/server": "^1.12.0-beta.1.21.0-stable",
        "@minecraft/server-admin": "^1.0.0-beta.1.21.0-stable",
        "@minecraft/server-editor": "^0.1.0-beta.1.21.0-stable",
        "@minecraft/server-gametest": "^1.0.0-beta.1.21.0-stable",
        "@minecraft/server-net": "^1.0.0-beta.1.21.0-stable",
        "@minecraft/server-ui": "^1.2.0-beta.1.21.0-stable",
        "@minecraft/vanilla-data": "^1.21.0",
        "node-fetch": "^3.3.2"
      }
    },
    "node_modules/@minecraft/common": {
      "version": "1.2.0",
      "resolved": "https://registry.npmjs.org/@minecraft/common/-/common-1.2.0.tgz",
      "integrity": "sha512-JdmEq4P3Z/FtoBzhLijFgMSVFnFRrUoLwY8DHHrgtFo0mfLTOLTB1RErYjLMsA6b7BGVNxkX/pfFRiH7QZ0XwQ=="
    },
    "node_modules/@minecraft/debug-utilities": {
      "version": "1.0.0-beta.1.21.0-stable",
      "resolved": "https://registry.npmjs.org/@minecraft/debug-utilities/-/debug-utilities-1.0.0-beta.1.21.0-stable.tgz",
      "integrity": "sha512-UV7XFFlJMa4sxLJwBeuJD9BpTsWW7dNZFAqFlRLCnl09/g+IOMsO4tVuEhsNO3Yim0W1RQAbluHQpFhSmRBW5A==",
      "dependencies": {
        "@minecraft/common": "^1.0.0",
        "@minecraft/server": "^1.8.0"
      }
    },
    "node_modules/@minecraft/debug-utilities/node_modules/@minecraft/server": {
      "version": "1.11.0",
      "resolved": "https://registry.npmjs.org/@minecraft/server/-/server-1.11.0.tgz",
      "integrity": "sha512-sVTKkAR7fgcgRrBrl+QiqlwiL07JTCSRbwSLpkmsPDvgfhH4bQsdPXC8fWZGRxwKikC4/oBxGq5j6pJp87yF6Q==",
      "dependencies": {
        "@minecraft/common": "^1.1.0"
      }
    },
    "node_modules/@minecraft/server": {
      "version": "1.12.0-beta.1.21.0-stable",
      "resolved": "https://registry.npmjs.org/@minecraft/server/-/server-1.12.0-beta.1.21.0-stable.tgz",
      "integrity": "sha512-Dkn+H+q/tKZOmjoKDSF9gVXtcc2hn92EvwgkFG0JMxwYYI77gjn8UqYR4I3eZdlM0TJsY0MlyF8IIvRDywJkGA==",
      "dependencies": {
        "@minecraft/common": "^1.1.0"
      }
    },
    "node_modules/@minecraft/server-admin": {
      "version": "1.0.0-beta.1.21.0-stable",
      "resolved": "https://registry.npmjs.org/@minecraft/server-admin/-/server-admin-1.0.0-beta.1.21.0-stable.tgz",
      "integrity": "sha512-75y5CLbZDeqzYyGiPzdelj2Rsb6icL51QPsIB/rakLDEJR3vVJH8B+A1wQfRYfioq7ifPdkR+ci5r/5kTdIH9w==",
      "dependencies": {
        "@minecraft/common": "^1.0.0"
      }
    },
    "node_modules/@minecraft/server-editor": {
      "version": "0.1.0-beta.1.21.0-stable",
      "resolved": "https://registry.npmjs.org/@minecraft/server-editor/-/server-editor-0.1.0-beta.1.21.0-stable.tgz",
      "integrity": "sha512-JzPoG88//HbE/y2dU2BazSKYkyyz0nxWa/o0yUbfFgOwO2zuZIZzal72yCpIsITTqNkDpymvxr7UBvecHf7bLA==",
      "dependencies": {
        "@minecraft/common": "^1.0.0",
        "@minecraft/server": "^1.12.0-beta.1.21.0-stable"
      }
    },
    "node_modules/@minecraft/server-editor/node_modules/@minecraft/server": {
      "version": "1.12.0-rc.1.21.10-preview.23",
      "resolved": "https://registry.npmjs.org/@minecraft/server/-/server-1.12.0-rc.1.21.10-preview.23.tgz",
      "integrity": "sha512-k+DUuCD3QjOoNv5OEppaXM25Yfm3Vf8JsK0t/2AcjrzEXgPI7gQn+zmN0CbnJbJ8+FVH/qtR5K2sqxDipdb2Gg==",
      "dependencies": {
        "@minecraft/common": "^1.1.0"
      }
    },
    "node_modules/@minecraft/server-gametest": {
      "version": "1.0.0-beta.1.21.0-stable",
      "resolved": "https://registry.npmjs.org/@minecraft/server-gametest/-/server-gametest-1.0.0-beta.1.21.0-stable.tgz",
      "integrity": "sha512-ZwLfFSi28EznvnOar7dbq1ZeBiWmTELLOuBL/x2PZ7y0tYLPDXrMoJLvqk5n/aa/yCDJiJOZMjPcJ7MeKHXobw==",
      "dependencies": {
        "@minecraft/common": "^1.0.0",
        "@minecraft/server": "^1.8.0"
      }
    },
    "node_modules/@minecraft/server-gametest/node_modules/@minecraft/server": {
      "version": "1.11.0",
      "resolved": "https://registry.npmjs.org/@minecraft/server/-/server-1.11.0.tgz",
      "integrity": "sha512-sVTKkAR7fgcgRrBrl+QiqlwiL07JTCSRbwSLpkmsPDvgfhH4bQsdPXC8fWZGRxwKikC4/oBxGq5j6pJp87yF6Q==",
      "dependencies": {
        "@minecraft/common": "^1.1.0"
      }
    },
    "node_modules/@minecraft/server-net": {
      "version": "1.0.0-beta.1.21.0-stable",
      "resolved": "https://registry.npmjs.org/@minecraft/server-net/-/server-net-1.0.0-beta.1.21.0-stable.tgz",
      "integrity": "sha512-HgTkYSJVxcEkyTClbXak3aGaQ86Zev3y5hK6sB3HwXtpeJvupli+WinCHdLcgnDfrgiIkWST/GXeyXByxVTcQQ==",
      "dependencies": {
        "@minecraft/common": "^1.0.0",
        "@minecraft/server-admin": "^1.0.0-beta.1.21.0-stable"
      }
    },
    "node_modules/@minecraft/server-ui": {
      "version": "1.2.0-beta.1.21.0-stable",
      "resolved": "https://registry.npmjs.org/@minecraft/server-ui/-/server-ui-1.2.0-beta.1.21.0-stable.tgz",
      "integrity": "sha512-NwPBc/weVbXh0RRJvc/rXrfW4YrIy87AkmrivMPb/kumb8FRYrU7KccgVB1xrL8ikpD25Zum7X4xUW7vkEoTLg==",
      "dependencies": {
        "@minecraft/common": "^1.0.0",
        "@minecraft/server": "^1.8.0"
      }
    },
    "node_modules/@minecraft/server-ui/node_modules/@minecraft/server": {
      "version": "1.11.0",
      "resolved": "https://registry.npmjs.org/@minecraft/server/-/server-1.11.0.tgz",
      "integrity": "sha512-sVTKkAR7fgcgRrBrl+QiqlwiL07JTCSRbwSLpkmsPDvgfhH4bQsdPXC8fWZGRxwKikC4/oBxGq5j6pJp87yF6Q==",
      "dependencies": {
        "@minecraft/common": "^1.1.0"
      }
    },
    "node_modules/@minecraft/vanilla-data": {
      "version": "1.21.0",
      "resolved": "https://registry.npmjs.org/@minecraft/vanilla-data/-/vanilla-data-1.21.0.tgz",
      "integrity": "sha512-OuEsfTsb2oecM2n9BNVXdhk4qjDSatRSuH+FrScpydaibPNV7jG166cGbltu7VujWETRYpAMVzSGxZRfom0Rmg=="
    },
    "node_modules/data-uri-to-buffer": {
      "version": "4.0.1",
      "resolved": "https://registry.npmjs.org/data-uri-to-buffer/-/data-uri-to-buffer-4.0.1.tgz",
      "integrity": "sha512-0R9ikRb668HB7QDxT1vkpuUBtqc53YyAwMwGeUFKRojY/NWKvdZ+9UYtRfGmhqNbRkTSVpMbmyhXipFFv2cb/A==",
      "engines": {
        "node": ">= 12"
      }
    },
    "node_modules/fetch-blob": {
      "version": "3.2.0",
      "resolved": "https://registry.npmjs.org/fetch-blob/-/fetch-blob-3.2.0.tgz",
      "integrity": "sha512-7yAQpD2UMJzLi1Dqv7qFYnPbaPx7ZfFK6PiIxQ4PfkGPyNyl2Ugx+a/umUonmKqjhM4DnfbMvdX6otXq83soQQ==",
      "funding": [
        {
          "type": "github",
          "url": "https://github.com/sponsors/jimmywarting"
        },
        {
          "type": "paypal",
          "url": "https://paypal.me/jimmywarting"
        }
      ],
      "dependencies": {
        "node-domexception": "^1.0.0",
        "web-streams-polyfill": "^3.0.3"
      },
      "engines": {
        "node": "^12.20 || >= 14.13"
      }
    },
    "node_modules/formdata-polyfill": {
      "version": "4.0.10",
      "resolved": "https://registry.npmjs.org/formdata-polyfill/-/formdata-polyfill-4.0.10.tgz",
      "integrity": "sha512-buewHzMvYL29jdeQTVILecSaZKnt/RJWjoZCF5OW60Z67/GmSLBkOFM7qh1PI3zFNtJbaZL5eQu1vLfazOwj4g==",
      "dependencies": {
        "fetch-blob": "^3.1.2"
      },
      "engines": {
        "node": ">=12.20.0"
      }
    },
    "node_modules/node-domexception": {
      "version": "1.0.0",
      "resolved": "https://registry.npmjs.org/node-domexception/-/node-domexception-1.0.0.tgz",
      "integrity": "sha512-/jKZoMpw0F8GRwl4/eLROPA3cfcXtLApP0QzLmUT/HuPCZWyB7IY9ZrMeKw2O/nFIqPQB3PVM9aYm0F312AXDQ==",
      "funding": [
        {
          "type": "github",
          "url": "https://github.com/sponsors/jimmywarting"
        },
        {
          "type": "github",
          "url": "https://paypal.me/jimmywarting"
        }
      ],
      "engines": {
        "node": ">=10.5.0"
      }
    },
    "node_modules/node-fetch": {
      "version": "3.3.2",
      "resolved": "https://registry.npmjs.org/node-fetch/-/node-fetch-3.3.2.tgz",
      "integrity": "sha512-dRB78srN/l6gqWulah9SrxeYnxeddIG30+GOqK/9OlLVyLg3HPnr6SqOWTWOXKRwC2eGYCkZ59NNuSgvSrpgOA==",
      "dependencies": {
        "data-uri-to-buffer": "^4.0.0",
        "fetch-blob": "^3.1.4",
        "formdata-polyfill": "^4.0.10"
      },
      "engines": {
        "node": "^12.20.0 || ^14.13.1 || >=16.0.0"
      },
      "funding": {
        "type": "opencollective",
        "url": "https://opencollective.com/node-fetch"
      }
    },
    "node_modules/web-streams-polyfill": {
      "version": "3.3.3",
      "resolved": "https://registry.npmjs.org/web-streams-polyfill/-/web-streams-polyfill-3.3.3.tgz",
      "integrity": "sha512-d2JWLCivmZYTSIoge9MsgFCZrt571BikcWGYkjC1khllbTeDlGqZ2D8vD8E/lJa8WGWbb7Plm8/XJYV7IJHZZw==",
      "engines": {
        "node": ">= 8"
      }
    }
  }
}
